{
  "name": "icon-sync",
  "lockfileVersion": 3,
  "requires": true,
  "packages": {
    "": {
      "dependencies": {
        "@thesvg/icons": "3.3.8"
      }
    },
    "node_modules/@thesvg/icons": {
      "version": "3.3.8",
      "resolved": "https://registry.npmjs.org/@thesvg/icons/-/icons-3.3.8.tgz",
      "integrity": "sha512-3NbRF2NT7LMURWY8eVqQiVdsi5PVjV+9g8182IuNgMAvJcaDgB5pCjy+DhNyazwQrvFBpWB8vafNF7n3YSf6Fw==",
      "license": "MIT",
      "engines": {
        "node": ">=18"
      }
    }
  }
}
